# This file is automatically @generated by Poetry 2.2.1 and should not be changed by hand.

[[package]]
name = "colorama"
version = "0.4.6"
description = "Cross-platform colored terminal text."
optional = false
python-versions = "!=3.0.*,!=3.1.*,!=3.2.*,!=3.3.*,!=3.4.*,!=3.5.*,!=3.6.*,>=2.7"
groups = ["main"]
markers = "platform_system == \"Windows\""
files = [
    {file = "colorama-0.4.6-py2.py3-none-any.whl", hash = "sha256:4f1d9991f5acc0ca119f9d443620b77f9d6b33703e51011c16baf57afb285fc6"},
    {file = "colorama-0.4.6.tar.gz", hash = "sha256:08695f5cb7ed6e0531a20572697297273c47b8cae5a63ffc6d6ed5c201be6e44"},
]

[[package]]
name = "colorful"
version = "0.5.8"
description = "Terminal string styling done right, in Python."
optional = false
python-versions = "*"
groups = ["main"]
files = [
    {file = "colorful-0.5.8-py2.py3-none-any.whl", hash = "sha256:a9381fdda3337fbaba5771991020abc69676afa102646650b759927892875992"},
    {file = "colorful-0.5.8.tar.gz", hash = "sha256:bb16502b198be2f1c42ba3c52c703d5f651d826076817185f0294c1a549a7445"},
]

[package.dependencies]
colorama = {version = "*", markers = "platform_system == \"Windows\""}

[metadata]
lock-version = "2.1"
python-versions = ">=3.14"
content-hash = "14539b5e18a26ac787481ad883ab8654858a91c4bddde41b1d279e54016875ac"
